
Microsoft Visual Studio Solution File, Format Version 12.00
Project("{FAE04EC0-301F-11D3-BF4B-00C04F79EFBC}") = "Minesweeper", "src\Minesweeper\Minesweeper.csproj", "{5ADCEE37-CAE1-4EE7-B21E-632475803954}"
EndProject
Project("{2150E333-8FDC-42A3-9474-1A3956D46DE8}") = "src", "src", "{B49B91BD-F446-44F1-BFAF-F2AA703C060B}"
EndProject
Project("{2150E333-8FDC-42A3-9474-1A3956D46DE8}") = "test", "test", "{B3E60EC5-F7A3-4ACD-947E-8692068E6FC4}"
EndProject
Project("{FAE04EC0-301F-11D3-BF4B-00C04F79EFBC}") = "Minesweeper.UnitTests", "test\Minesweeper.UnitTests\Minesweeper.UnitTests.csproj", "{00A17E32-35DC-4241-8589-8789986EC2A9}"
EndProject
Global
	GlobalSection(SolutionConfigurationPlatforms) = preSolution
		Debug|Any CPU = Debug|Any CPU
		Release|Any CPU = Release|Any CPU
	EndGlobalSection
	GlobalSection(ProjectConfigurationPlatforms) = postSolution
		{5ADCEE37-CAE1-4EE7-B21E-632475803954}.Debug|Any CPU.ActiveCfg = Debug|Any CPU
		{5ADCEE37-CAE1-4EE7-B21E-632475803954}.Debug|Any CPU.Build.0 = Debug|Any CPU
		{5ADCEE37-CAE1-4EE7-B21E-632475803954}.Release|Any CPU.ActiveCfg = Release|Any CPU
		{5ADCEE37-CAE1-4EE7-B21E-632475803954}.Release|Any CPU.Build.0 = Release|Any CPU
		{00A17E32-35DC-4241-8589-8789986EC2A9}.Debug|Any CPU.ActiveCfg = Debug|Any CPU
		{00A17E32-35DC-4241-8589-8789986EC2A9}.Debug|Any CPU.Build.0 = Debug|Any CPU
		{00A17E32-35DC-4241-8589-8789986EC2A9}.Release|Any CPU.ActiveCfg = Release|Any CPU
		{00A17E32-35DC-4241-8589-8789986EC2A9}.Release|Any CPU.Build.0 = Release|Any CPU
	EndGlobalSection
	GlobalSection(NestedProjects) = preSolution
		{5ADCEE37-CAE1-4EE7-B21E-632475803954} = {B49B91BD-F446-44F1-BFAF-F2AA703C060B}
		{00A17E32-35DC-4241-8589-8789986EC2A9} = {B3E60EC5-F7A3-4ACD-947E-8692068E6FC4}
	EndGlobalSection
EndGlobal
